
Microsoft Visual Studio Solution File, Format Version 11.00
# Visual Studio 2010
Project("{FAE04EC0-301F-11D3-BF4B-00C04F79EFBC}") = "Scroopy's Playhouse", "Assembly-CSharp.csproj", "{317288A0-F57E-3335-24E3-917C4EAAD40E}"
EndProject
Project("{FAE04EC0-301F-11D3-BF4B-00C04F79EFBC}") = "Scroopy's Playhouse", "Assembly-CSharp-Editor.csproj", "{D7E05D1F-876F-5879-692B-23C2AB8A812A}"
EndProject
Global
	GlobalSection(SolutionConfigurationPlatforms) = preSolution
		Debug|Any CPU = Debug|Any CPU
		Release|Any CPU = Release|Any CPU
	EndGlobalSection
	GlobalSection(ProjectConfigurationPlatforms) = postSolution
		{317288A0-F57E-3335-24E3-917C4EAAD40E}.Debug|Any CPU.ActiveCfg = Debug|Any CPU
		{317288A0-F57E-3335-24E3-917C4EAAD40E}.Debug|Any CPU.Build.0 = Debug|Any CPU
		{317288A0-F57E-3335-24E3-917C4EAAD40E}.Release|Any CPU.ActiveCfg = Release|Any CPU
		{317288A0-F57E-3335-24E3-917C4EAAD40E}.Release|Any CPU.Build.0 = Release|Any CPU
		{D7E05D1F-876F-5879-692B-23C2AB8A812A}.Debug|Any CPU.ActiveCfg = Debug|Any CPU
		{D7E05D1F-876F-5879-692B-23C2AB8A812A}.Debug|Any CPU.Build.0 = Debug|Any CPU
		{D7E05D1F-876F-5879-692B-23C2AB8A812A}.Release|Any CPU.ActiveCfg = Release|Any CPU
		{D7E05D1F-876F-5879-692B-23C2AB8A812A}.Release|Any CPU.Build.0 = Release|Any CPU
	EndGlobalSection
	GlobalSection(SolutionProperties) = preSolution
		HideSolutionNode = FALSE
	EndGlobalSection
	GlobalSection(MonoDevelopProperties) = preSolution
		StartupItem = Assembly-CSharp.csproj
	EndGlobalSection
EndGlobal
